hash: 904128e58fa28fdd1dcd91197a148c6a057a71de62f0d2898236bbacf0c0a6cc
updated: 2018-01-30T18:58:07.819108-05:00
imports:
- name: github.com/agext/levenshtein
  version: 5f10fee965225ac1eecdc234c09daf5cd9e7f7b6
- name: github.com/aokoli/goutils
  version: 3391d3790d23d03408670993e957e8f408993c34
- name: github.com/apparentlymart/go-cidr
  version: 2bd8b58cf4275aeb086ade613de226773e29e853
  subpackages:
  - cidr
- name: github.com/apparentlymart/go-textseg
  version: b836f5c4d331d1945a2fead7188db25432d73b69
  subpackages:
  - textseg
- name: github.com/armon/go-radix
  version: 1fca145dffbcaa8fe914309b1ec0cfc67500fe61
- name: github.com/aws/aws-sdk-go
  version: 1b176c5c6b57adb03bb982c21930e708ebca5a77
  subpackages:
  - aws
  - aws/awserr
  - aws/awsutil
  - aws/client
  - aws/client/metadata
  - aws/corehandlers
  - aws/credentials
  - aws/credentials/ec2rolecreds
  - aws/credentials/endpointcreds
  - aws/credentials/stscreds
  - aws/defaults
  - aws/ec2metadata
  - aws/endpoints
  - aws/request
  - aws/session
  - aws/signer/v4
  - internal/shareddefaults
  - private/protocol
  - private/protocol/query
  - private/protocol/query/queryutil
  - private/protocol/rest
  - private/protocol/restxml
  - private/protocol/xml/xmlutil
  - service/s3
  - service/sts
- name: github.com/bgentry/go-netrc
  version: 9fd32a8b3d3d3f9d43c341bfe098430e07609480
  subpackages:
  - netrc
- name: github.com/bgentry/speakeasy
  version: 4aabc24848ce5fd31929f7d1e4ea74d3709c14cd
- name: github.com/blang/semver
  version: 2ee87856327ba09384cabd113bc6b5d174e9ec0f
- name: github.com/coveo/gotemplate
  version: d8c6f49325bd70c88abb5fe6c82b199b651b5d69
  subpackages:
  - errors
  - hcl
  - utils
- name: github.com/drhodes/goLorem
  version: ecccc744c2d953a1e13cbe5e5fc5d4cbc9b8daeb
- name: github.com/fatih/color
  version: 5df930a27be2502f99b292b7cc09ebad4d0891f4
- name: github.com/fatih/structs
  version: ebf56d35bba727c68ac77f56f2fcf90b181851aa
- name: github.com/go-errors/errors
  version: 3afebba5a48dbc89b574d890b6b34d9ee10b4785
- name: github.com/go-ini/ini
  version: 32e4c1e6bc4e7d0d8451aa6b75200d19e37a536a
- name: github.com/hashicorp/errwrap
  version: 7554cd9344cec97297fa6649b055a8c98c2a1e55
- name: github.com/hashicorp/go-cleanhttp
  version: d5fe4b57a186c716b0e00b8c301cbd9b4182694d
- name: github.com/hashicorp/go-getter
  version: 285374cdfad63de2c43d7562f49ced6dde5a7ba0
  subpackages:
  - helper/url
- name: github.com/hashicorp/go-multierror
  version: b7773ae218740a7be65057fc60b366a49b538a44
- name: github.com/hashicorp/go-uuid
  version: 64130c7a86d732268a38cb04cfbaf0cc987fda98
- name: github.com/hashicorp/go-version
  version: 4fe82ae3040f80a03d04d2cccb5606a626b8e1ee
- name: github.com/hashicorp/hcl
  version: 23c074d0eceb2b8a5bfdbb271ab780cde70f05a8
  subpackages:
  - hcl/ast
  - hcl/parser
  - hcl/scanner
  - hcl/strconv
  - hcl/token
  - json/parser
  - json/scanner
  - json/token
- name: github.com/hashicorp/hcl2
  version: f70b6b00c8b1946cc6b0b6dc949a1edd09b076bb
  subpackages:
  - gohcl
  - hcl
  - hcl/hclsyntax
  - hcl/json
  - hcldec
  - hclparse
- name: github.com/hashicorp/hil
  version: fa9f258a92500514cc8e9c67020487709df92432
  subpackages:
  - ast
  - parser
  - scanner
- name: github.com/hashicorp/terraform
  version: a6008b8a48a749c7c167453b9cf55ffd572b9a5d
  subpackages:
  - config
  - config/configschema
  - config/hcl2shim
  - config/module
  - dag
  - flatmap
  - helper/hilmapstructure
  - moduledeps
  - plugin/discovery
  - registry
  - registry/regsrc
  - registry/response
  - svchost
  - svchost/auth
  - svchost/disco
  - terraform
  - tfdiags
  - version
- name: github.com/huandu/xstrings
  version: 37469d0c81a7910b49d64a0d308ded4823e90937
- name: github.com/imdario/mergo
  version: 7fe0c75c13abdee74b09fcacef5ea1c6bba6a874
- name: github.com/jmespath/go-jmespath
  version: dd801d4f4ce7ac746e7e7b4489d2fa600b3b096b
- name: github.com/Masterminds/semver
  version: 59c29afe1a994eacb71c833025ca7acf874bb1da
- name: github.com/Masterminds/sprig
  version: 9d9aa1f74c86fd9d36ecfe3f2a44a3093c3d4c15
- name: github.com/mattn/go-colorable
  version: 5411d3eea5978e6cdc258b30de592b60df6aba96
  repo: https://github.com/mattn/go-colorable
- name: github.com/mattn/go-isatty
  version: 57fdcb988a5c543893cc61bce354a6e24ab70022
  repo: https://github.com/mattn/go-isatty
- name: github.com/mitchellh/cli
  version: 518dc677a1e1222682f4e7db06721942cb8e9e4c
- name: github.com/mitchellh/copystructure
  version: d23ffcb85de31694d6ccaa23ccb4a03e55c1303f
- name: github.com/mitchellh/go-homedir
  version: b8bc1bf767474819792c23f32d8286a45736f1c6
- name: github.com/mitchellh/go-testing-interface
  version: a61a99592b77c9ba629d254a693acffaeb4b7e28
- name: github.com/mitchellh/go-wordwrap
  version: ad45545899c7b13c020ea92b2072220eefad42b8
- name: github.com/mitchellh/hashstructure
  version: 2bca23e0e452137f789efbc8610126fd8b94f73b
- name: github.com/mitchellh/mapstructure
  version: b4575eea38cca1123ec2dc90c26529b5c5acfcff
- name: github.com/mitchellh/reflectwalk
  version: 63d60e9d0dbc60cf9164e6510889b0db6683d98c
- name: github.com/posener/complete
  version: cdc49b71388c2ab059f57997ef2575c9e8b4f146
  subpackages:
  - cmd
  - cmd/install
  - match
- name: github.com/satori/go.uuid
  version: f58768cc1a7a7e77a3bd49e98cdd21419399b6a3
- name: github.com/tj/docopt
  version: c8470e45692f168e8b380c5d625327e756d7d0a9
- name: github.com/ulikunitz/xz
  version: 0c6b41e72360850ca4f98dc341fd999726ea007f
  subpackages:
  - internal/hash
  - internal/xlog
  - lzma
- name: github.com/zclconf/go-cty
  version: 709e4033eeb037dc543dbc2048065dfb814ce316
  subpackages:
  - cty
  - cty/convert
  - cty/function
  - cty/function/stdlib
  - cty/gocty
  - cty/json
  - cty/set
- name: golang.org/x/crypto
  version: 1875d0a70c90e57f11972aefd42276df65e895b9
  subpackages:
  - bcrypt
  - blowfish
  - cast5
  - openpgp
  - openpgp/armor
  - openpgp/elgamal
  - openpgp/errors
  - openpgp/packet
  - openpgp/s2k
  - pbkdf2
  - scrypt
- name: golang.org/x/net
  version: 0ed95abb35c445290478a5348a7b38bb154135fd
  subpackages:
  - html
  - html/atom
  - idna
- name: golang.org/x/sys
  version: e24f485414aeafb646f6fca458b0bf869c0880a1
  repo: https://go.googlesource.com/sys
  subpackages:
  - unix
- name: golang.org/x/text
  version: e19ae1496984b1c655b8044a65c0300a3c878dd3
  subpackages:
  - secure/bidirule
  - transform
  - unicode/bidi
  - unicode/norm
- name: gopkg.in/yaml.v2
  version: d670f9405373e636a5a2765eea47fac0c9bc91a4
testImports: []
