# This file is autogenerated, do not edit; changes may be undone by the next 'dep ensure'.


[[projects]]
  digest = "1:ea40c24cdbacd054a6ae9de03e62c5f252479b96c716375aace5c120d68647c8"
  name = "github.com/hashicorp/hcl"
  packages = [
    ".",
    "hcl/ast",
    "hcl/parser",
    "hcl/scanner",
    "hcl/strconv",
    "hcl/token",
    "json/parser",
    "json/scanner",
    "json/token",
  ]
  pruneopts = "UT"
  revision = "8cb6e5b959231cc1119e43259c4a608f9c51a241"
  version = "v1.0.0"

[[projects]]
  digest = "1:5198ae017f3c145a90a2d11cd3ea079c83e1c37cc68af44c8fa5bee201f51ab4"
  name = "github.com/tj/docopt"
  packages = ["."]
  pruneopts = "UT"
  revision = "c8470e45692f168e8b380c5d625327e756d7d0a9"
  version = "v1.0.0"

[solve-meta]
  analyzer-name = "dep"
  analyzer-version = 1
  input-imports = [
    "github.com/hashicorp/hcl",
    "github.com/hashicorp/hcl/hcl/ast",
    "github.com/tj/docopt",
  ]
  solver-name = "gps-cdcl"
  solver-version = 1
